
Microsoft Visual Studio Solution File, Format Version 12.00
# Visual Studio Version 16
VisualStudioVersion = 16.0.31005.135
MinimumVisualStudioVersion = 10.0.40219.1
Project("{FAE04EC0-301F-11D3-BF4B-00C04F79EFBC}") = "DIS_Group3", "DIS_Group3\DIS_Group3.csproj", "{DC292A6C-2F0C-40A7-8DE3-A23E4FEA4B17}"
EndProject
Global
	GlobalSection(SolutionConfigurationPlatforms) = preSolution
		Debug|Any CPU = Debug|Any CPU
		Release|Any CPU = Release|Any CPU
	EndGlobalSection
	GlobalSection(ProjectConfigurationPlatforms) = postSolution
		{DC292A6C-2F0C-40A7-8DE3-A23E4FEA4B17}.Debug|Any CPU.ActiveCfg = Debug|Any CPU
		{DC292A6C-2F0C-40A7-8DE3-A23E4FEA4B17}.Debug|Any CPU.Build.0 = Debug|Any CPU
		{DC292A6C-2F0C-40A7-8DE3-A23E4FEA4B17}.Release|Any CPU.ActiveCfg = Release|Any CPU
		{DC292A6C-2F0C-40A7-8DE3-A23E4FEA4B17}.Release|Any CPU.Build.0 = Release|Any CPU
	EndGlobalSection
	GlobalSection(SolutionProperties) = preSolution
		HideSolutionNode = FALSE
	EndGlobalSection
	GlobalSection(ExtensibilityGlobals) = postSolution
		SolutionGuid = {E735FA08-739D-4C02-9AC0-E716E0C75903}
	EndGlobalSection
EndGlobal
